
Microsoft Visual Studio Solution File, Format Version 12.00
# Visual Studio Version 17
VisualStudioVersion = 17.14.36401.2 d17.14
MinimumVisualStudioVersion = 10.0.40219.1
Project("{FAE04EC0-301F-11D3-BF4B-00C04F79EFBC}") = "C44-G01-Generics04", "C44-G01-Generics04\C44-G01-Generics04.csproj", "{E91C0519-2248-4E2D-B64F-80A952DB3AE5}"
EndProject
Project("{FAE04EC0-301F-11D3-BF4B-00C04F79EFBC}") = "CalculatorTask", "CalculatorTask\CalculatorTask.csproj", "{25916376-79A9-43F5-BCBD-643A700DF23B}"
EndProject
Global
	GlobalSection(SolutionConfigurationPlatforms) = preSolution
		Debug|Any CPU = Debug|Any CPU
		Release|Any CPU = Release|Any CPU
	EndGlobalSection
	GlobalSection(ProjectConfigurationPlatforms) = postSolution
		{E91C0519-2248-4E2D-B64F-80A952DB3AE5}.Debug|Any CPU.ActiveCfg = Debug|Any CPU
		{E91C0519-2248-4E2D-B64F-80A952DB3AE5}.Debug|Any CPU.Build.0 = Debug|Any CPU
		{E91C0519-2248-4E2D-B64F-80A952DB3AE5}.Release|Any CPU.ActiveCfg = Release|Any CPU
		{E91C0519-2248-4E2D-B64F-80A952DB3AE5}.Release|Any CPU.Build.0 = Release|Any CPU
		{25916376-79A9-43F5-BCBD-643A700DF23B}.Debug|Any CPU.ActiveCfg = Debug|Any CPU
		{25916376-79A9-43F5-BCBD-643A700DF23B}.Debug|Any CPU.Build.0 = Debug|Any CPU
		{25916376-79A9-43F5-BCBD-643A700DF23B}.Release|Any CPU.ActiveCfg = Release|Any CPU
		{25916376-79A9-43F5-BCBD-643A700DF23B}.Release|Any CPU.Build.0 = Release|Any CPU
	EndGlobalSection
	GlobalSection(SolutionProperties) = preSolution
		HideSolutionNode = FALSE
	EndGlobalSection
	GlobalSection(ExtensibilityGlobals) = postSolution
		SolutionGuid = {4089AF5F-651C-4726-9909-3434EE5131B3}
	EndGlobalSection
EndGlobal
